
Microsoft Visual Studio Solution File, Format Version 12.00
# Visual Studio Version 16
VisualStudioVersion = 16.0.32802.440
MinimumVisualStudioVersion = 10.0.40219.1
Project("{FAE04EC0-301F-11D3-BF4B-00C04F79EFBC}") = "PixelCount", "PixelCount\PixelCount.csproj", "{2289D3AD-76FA-40AA-8A40-A78B32EB7715}"
EndProject
Global
	GlobalSection(SolutionConfigurationPlatforms) = preSolution
		Debug|Any CPU = Debug|Any CPU
		Release|Any CPU = Release|Any CPU
	EndGlobalSection
	GlobalSection(ProjectConfigurationPlatforms) = postSolution
		{2289D3AD-76FA-40AA-8A40-A78B32EB7715}.Debug|Any CPU.ActiveCfg = Debug|Any CPU
		{2289D3AD-76FA-40AA-8A40-A78B32EB7715}.Debug|Any CPU.Build.0 = Debug|Any CPU
		{2289D3AD-76FA-40AA-8A40-A78B32EB7715}.Release|Any CPU.ActiveCfg = Release|Any CPU
		{2289D3AD-76FA-40AA-8A40-A78B32EB7715}.Release|Any CPU.Build.0 = Release|Any CPU
	EndGlobalSection
	GlobalSection(SolutionProperties) = preSolution
		HideSolutionNode = FALSE
	EndGlobalSection
	GlobalSection(ExtensibilityGlobals) = postSolution
		SolutionGuid = {A4559307-0AD8-4644-B50C-69E61BBF0DF8}
	EndGlobalSection
EndGlobal
